# This file is generated by running "yarn install" inside your project.
# Manual changes might be lost - proceed with caution!

__metadata:
  version: 6

"cepc-react-native-webview@workspace:packages/react-native-webview":
  version: 0.0.0-use.local
  resolution: "cepc-react-native-webview@workspace:packages/react-native-webview"
  languageName: unknown
  linkType: soft

"cepc-service-worker@workspace:packages/service-worker":
  version: 0.0.0-use.local
  resolution: "cepc-service-worker@workspace:packages/service-worker"
  languageName: unknown
  linkType: soft

"cepc@workspace:packages/core":
  version: 0.0.0-use.local
  resolution: "cepc@workspace:packages/core"
  languageName: unknown
  linkType: soft

"root-workspace-0b6124@workspace:.":
  version: 0.0.0-use.local
  resolution: "root-workspace-0b6124@workspace:."
  languageName: unknown
  linkType: soft
